version = 1
revision = 2
requires-python = "==3.8.20"

[[package]]
name = "boto3"
version = "1.7.50"
source = { registry = "https://pypi.org/simple" }
dependencies = [
    { name = "botocore" },
    { name = "jmespath" },
    { name = "s3transfer" },
]
sdist = { url = "https://files.pythonhosted.org/packages/e1/c7/93d42425bd279386bc47b5b8c80b6f25f8e5b794111fed82234f53d9c091/boto3-1.7.50.tar.gz", hash = "sha256:60c760da488deed3fdec7dca2fb0a37ece72d8b9e80f3f3fc47bd6a396ea11b6", size = 93192, upload-time = "2018-07-03T21:21:24.757Z" }
wheels = [
    { url = "https://files.pythonhosted.org/packages/59/f0/22554f0fc3aafd34e189919fd6a360d440fcaa6f86dedc9aaca904c885b1/boto3-1.7.50-py2.py3-none-any.whl", hash = "sha256:e7f52af8a5cb98d976f296d4a4ac1ac43c7b414c3765ca82c92b033cd06710c2", size = 128626, upload-time = "2018-07-03T21:21:26.827Z" },
]

[[package]]
name = "botocore"
version = "1.10.50"
source = { registry = "https://pypi.org/simple" }
dependencies = [
    { name = "docutils" },
    { name = "jmespath" },
    { name = "python-dateutil" },
]
sdist = { url = "https://files.pythonhosted.org/packages/b2/3e/ff9629a19d72a7fd71f395dacff038e6d0219d4a3f9f66cdb0c6f647c5b3/botocore-1.10.50.tar.gz", hash = "sha256:07b572ae6ae3df5ff6d5e8dc5cf9812b9842d5ea96502b54b51867700861ee07", size = 4497720, upload-time = "2018-07-03T21:21:29.84Z" }
wheels = [
    { url = "https://files.pythonhosted.org/packages/d5/9f/2e701a365b5ff0e8b664d6c393f3c61c20e52bb5148bbc2e27d737b890db/botocore-1.10.50-py2.py3-none-any.whl", hash = "sha256:585a5df85d2cfef41fbe7ad32bfcf00d9a54eafa75a6e126a07619b692f548ea", size = 4364882, upload-time = "2018-07-03T21:21:33.262Z" },
]

[[package]]
name = "docutils"
version = "0.20.1"
source = { registry = "https://pypi.org/simple" }
sdist = { url = "https://files.pythonhosted.org/packages/1f/53/a5da4f2c5739cf66290fac1431ee52aff6851c7c8ffd8264f13affd7bcdd/docutils-0.20.1.tar.gz", hash = "sha256:f08a4e276c3a1583a86dce3e34aba3fe04d02bba2dd51ed16106244e8a923e3b", size = 2058365, upload-time = "2023-05-16T23:39:19.748Z" }
wheels = [
    { url = "https://files.pythonhosted.org/packages/26/87/f238c0670b94533ac0353a4e2a1a771a0cc73277b88bff23d3ae35a256c1/docutils-0.20.1-py3-none-any.whl", hash = "sha256:96f387a2c5562db4476f09f13bbab2192e764cac08ebbf3a34a95d9b1e4a59d6", size = 572666, upload-time = "2023-05-16T23:39:15.976Z" },
]

[[package]]
name = "jmespath"
version = "0.10.0"
source = { registry = "https://pypi.org/simple" }
sdist = { url = "https://files.pythonhosted.org/packages/3c/56/3f325b1eef9791759784aa5046a8f6a1aff8f7c898a2e34506771d3b99d8/jmespath-0.10.0.tar.gz", hash = "sha256:b85d0567b8666149a93172712e68920734333c0ce7e89b78b3e987f71e5ed4f9", size = 21607, upload-time = "2020-05-12T22:03:47.267Z" }
wheels = [
    { url = "https://files.pythonhosted.org/packages/07/cb/5f001272b6faeb23c1c9e0acc04d48eaaf5c862c17709d20e3469c6e0139/jmespath-0.10.0-py2.py3-none-any.whl", hash = "sha256:cdf6525904cc597730141d61b36f2e4b8ecc257c420fa2f4549bac2c2d0cb72f", size = 24489, upload-time = "2020-05-12T22:03:45.643Z" },
]

[[package]]
name = "python-dateutil"
version = "2.9.0.post0"
source = { registry = "https://pypi.org/simple" }
dependencies = [
    { name = "six" },
]
sdist = { url = "https://files.pythonhosted.org/packages/66/c0/0c8b6ad9f17a802ee498c46e004a0eb49bc148f2fd230864601a86dcf6db/python-dateutil-2.9.0.post0.tar.gz", hash = "sha256:37dd54208da7e1cd875388217d5e00ebd4179249f90fb72437e91a35459a0ad3", size = 342432, upload-time = "2024-03-01T18:36:20.211Z" }
wheels = [
    { url = "https://files.pythonhosted.org/packages/ec/57/56b9bcc3c9c6a792fcbaf139543cee77261f3651ca9da0c93f5c1221264b/python_dateutil-2.9.0.post0-py2.py3-none-any.whl", hash = "sha256:a8b2bc7bffae282281c8140a97d3aa9c14da0b136dfe83f850eea9a5f7470427", size = 229892, upload-time = "2024-03-01T18:36:18.57Z" },
]

[[package]]
name = "s3transfer"
version = "0.1.13"
source = { registry = "https://pypi.org/simple" }
dependencies = [
    { name = "botocore" },
]
sdist = { url = "https://files.pythonhosted.org/packages/9a/66/c6a5ae4dbbaf253bd662921b805e4972451a6d214d0dc9fb3300cb642320/s3transfer-0.1.13.tar.gz", hash = "sha256:90dc18e028989c609146e241ea153250be451e05ecc0c2832565231dacdf59c1", size = 103335, upload-time = "2018-02-15T00:25:02.494Z" }
wheels = [
    { url = "https://files.pythonhosted.org/packages/d7/14/2a0004d487464d120c9fb85313a75cd3d71a7506955be458eebfe19a6b1d/s3transfer-0.1.13-py2.py3-none-any.whl", hash = "sha256:c7a9ec356982d5e9ab2d4b46391a7d6a950e2b04c472419f5fdec70cc0ada72f", size = 59642, upload-time = "2018-02-15T00:25:05.113Z" },
]

[[package]]
name = "six"
version = "1.17.0"
source = { registry = "https://pypi.org/simple" }
sdist = { url = "https://files.pythonhosted.org/packages/94/e7/b2c673351809dca68a0e064b6af791aa332cf192da575fd474ed7d6f16a2/six-1.17.0.tar.gz", hash = "sha256:ff70335d468e7eb6ec65b95b99d3a2836546063f63acc5171de367e834932a81", size = 34031, upload-time = "2024-12-04T17:35:28.174Z" }
wheels = [
    { url = "https://files.pythonhosted.org/packages/b7/ce/149a00dd41f10bc29e5921b496af8b574d8413afcd5e30dfa0ed46c2cc5e/six-1.17.0-py2.py3-none-any.whl", hash = "sha256:4721f391ed90541fddacab5acf947aa0d3dc7d27b2e1e8eda2be8970586c3274", size = 11050, upload-time = "2024-12-04T17:35:26.475Z" },
]

[[package]]
name = "vpc-delete"
version = "0.1.0"
source = { virtual = "." }
dependencies = [
    { name = "boto3" },
    { name = "botocore" },
]

[package.metadata]
requires-dist = [
    { name = "boto3", specifier = "==1.7.50" },
    { name = "botocore", specifier = "==1.10.50" },
]
